<?xml version="1.0" encoding="utf-8"?>
<Project ToolsVersion="4.0" xmlns="http://schemas.microsoft.com/developer/msbuild/2003">
  <ItemGroup>
    <ClCompile Include="gfx/camera.cpp">
      <Filter>gfx</Filter>
    </ClCompile>
    <ClCompile Include="src/Clock.cpp">
      <Filter>src</Filter>
    </ClCompile>
    <ClCompile Include="src/Game.cpp">
      <Filter>src</Filter>
    </ClCompile>
    <ClCompile Include="gfx/gl.cpp">
      <Filter>gfx</Filter>
    </ClCompile>
    <ClCompile Include="gfx/image.cpp">
      <Filter>gfx</Filter>
    </ClCompile>
    <ClCompile Include="gfx/transform.cpp">
      <Filter>gfx</Filter>
    </ClCompile>
    <ClCompile Include="src/main.cpp">
      <Filter>src</Filter>
    </ClCompile>
    <ClCompile Include="src/Window.cpp">
      <Filter>src</Filter>
    </ClCompile>
    <ClCompile Include="src/Chunk.cpp">
      <Filter>src\terrain</Filter>
    </ClCompile>
    <ClCompile Include="src/QuadTree.cpp">
      <Filter>src\terrain</Filter>
    </ClCompile>
    <ClCompile Include="src/TerrainRenderer.cpp">
      <Filter>src\terrain</Filter>
    </ClCompile>
    <ClCompile Include="src/TileCache.cpp">
      <Filter>src\terrain</Filter>
    </ClCompile>
    <ClCompile Include="src/Collision.cpp">
      <Filter>src</Filter>
    </ClCompile>
    <ClCompile Include="src/TileService.cpp">
      <Filter>src\terrain</Filter>
    </ClCompile>
    <ClCompile Include="src/Cube.cpp">
      <Filter>src\terrain</Filter>
    </ClCompile>
    <ClCompile Include="libraries\imgui-1.90.1\imgui.cpp">
      <Filter>imgui</Filter>
    </ClCompile>
    <ClCompile Include="libraries\imgui-1.90.1\imgui_demo.cpp">
      <Filter>imgui</Filter>
    </ClCompile>
    <ClCompile Include="libraries\imgui-1.90.1\imgui_draw.cpp">
      <Filter>imgui</Filter>
    </ClCompile>
    <ClCompile Include="libraries\imgui-1.90.1\backends\imgui_impl_opengl3.cpp">
      <Filter>imgui</Filter>
    </ClCompile>
    <ClCompile Include="libraries\imgui-1.90.1\backends\imgui_impl_sdl2.cpp">
      <Filter>imgui</Filter>
    </ClCompile>
    <ClCompile Include="libraries\imgui-1.90.1\imgui_tables.cpp">
      <Filter>imgui</Filter>
    </ClCompile>
    <ClCompile Include="libraries\imgui-1.90.1\imgui_widgets.cpp">
      <Filter>imgui</Filter>
    </ClCompile>
  </ItemGroup>
  <ItemGroup>
    <ClInclude Include="gfx/camera.h">
      <Filter>gfx</Filter>
    </ClInclude>
    <ClInclude Include="src/Clock.h">
      <Filter>src</Filter>
    </ClInclude>
    <ClInclude Include="src/Common.h">
      <Filter>src</Filter>
    </ClInclude>
    <ClInclude Include="src/Game.h">
      <Filter>src</Filter>
    </ClInclude>
    <ClInclude Include="gfx/gfx.h">
      <Filter>gfx</Filter>
    </ClInclude>
    <ClInclude Include="gfx/gl.h">
      <Filter>gfx</Filter>
    </ClInclude>
    <ClInclude Include="gfx/image.h">
      <Filter>gfx</Filter>
    </ClInclude>
    <ClInclude Include="gfx/stb_image.h">
      <Filter>gfx</Filter>
    </ClInclude>
    <ClInclude Include="gfx/transform.h">
      <Filter>gfx</Filter>
    </ClInclude>
    <ClInclude Include="gfx/util.h">
      <Filter>gfx</Filter>
    </ClInclude>
    <ClInclude Include="src/Window.h">
      <Filter>src</Filter>
    </ClInclude>
    <ClInclude Include="src/Chunk.h">
      <Filter>src\terrain</Filter>
    </ClInclude>
    <ClInclude Include="src/QuadTree.h">
      <Filter>src\terrain</Filter>
    </ClInclude>
    <ClInclude Include="src/TerrainRenderer.h">
      <Filter>src\terrain</Filter>
    </ClInclude>
    <ClInclude Include="src/TileCache.h">
      <Filter>src\terrain</Filter>
    </ClInclude>
    <ClInclude Include="src/TileUtils.h">
      <Filter>src\terrain</Filter>
    </ClInclude>
    <ClInclude Include="src/Collision.h">
      <Filter>src</Filter>
    </ClInclude>
    <ClInclude Include="src/TileService.h">
      <Filter>src\terrain</Filter>
    </ClInclude>
    <ClInclude Include="src/Cube.h">
      <Filter>src\terrain</Filter>
    </ClInclude>
    <ClInclude Include="libraries\imgui-1.90.1\imconfig.h">
      <Filter>imgui</Filter>
    </ClInclude>
    <ClInclude Include="libraries\imgui-1.90.1\imgui.h">
      <Filter>imgui</Filter>
    </ClInclude>
    <ClInclude Include="libraries\imgui-1.90.1\backends\imgui_impl_opengl3.h">
      <Filter>imgui</Filter>
    </ClInclude>
    <ClInclude Include="libraries\imgui-1.90.1\backends\imgui_impl_sdl2.h">
      <Filter>imgui</Filter>
    </ClInclude>
    <ClInclude Include="libraries\imgui-1.90.1\imgui_internal.h">
      <Filter>imgui</Filter>
    </ClInclude>
    <ClInclude Include="libraries\imgui-1.90.1\imstb_rectpack.h">
      <Filter>imgui</Filter>
    </ClInclude>
    <ClInclude Include="libraries\imgui-1.90.1\imstb_textedit.h">
      <Filter>imgui</Filter>
    </ClInclude>
    <ClInclude Include="libraries\imgui-1.90.1\imstb_truetype.h">
      <Filter>imgui</Filter>
    </ClInclude>
  </ItemGroup>
  <ItemGroup>
    <Filter Include="src">
      <UniqueIdentifier>{e07b4735-2e74-424d-bfdd-164e004c4010}</UniqueIdentifier>
    </Filter>
    <Filter Include="gfx">
      <UniqueIdentifier>{1e5f3463-bd47-4ecf-99f3-d379e5847c6d}</UniqueIdentifier>
    </Filter>
    <Filter Include="src\terrain">
      <UniqueIdentifier>{877a9738-a321-48e9-bdbb-aa7070c687b8}</UniqueIdentifier>
    </Filter>
    <Filter Include="dll">
      <UniqueIdentifier>{dc39c35d-eef5-499e-8b62-8fa81ecf9049}</UniqueIdentifier>
    </Filter>
    <Filter Include="imgui">
      <UniqueIdentifier>{50d8b72c-2c64-484a-a325-1b7429271172}</UniqueIdentifier>
    </Filter>
  </ItemGroup>
  <ItemGroup>
    <CopyFileToFolders Include="libraries\glew-2.2.0\bin\Release\x64\glew32.dll">
      <Filter>dll</Filter>
    </CopyFileToFolders>
    <CopyFileToFolders Include="libraries\SDL2-2.26.4\lib\x64\SDL2.dll">
      <Filter>dll</Filter>
    </CopyFileToFolders>
    <CopyFileToFolders Include="libraries\cpr-1.10.5\build\bin\Debug\cpr.dll">
      <Filter>dll</Filter>
    </CopyFileToFolders>
    <CopyFileToFolders Include="libraries\cpr-1.10.5\build\bin\Debug\libcurl-d.dll">
      <Filter>dll</Filter>
    </CopyFileToFolders>
    <CopyFileToFolders Include="libraries\cpr-1.10.5\build\bin\Debug\zlib.dll">
      <Filter>dll</Filter>
    </CopyFileToFolders>
    <CopyFileToFolders Include="libraries\cpr-1.10.5\build\bin\Release\cpr.dll">
      <Filter>dll</Filter>
    </CopyFileToFolders>
    <CopyFileToFolders Include="libraries\cpr-1.10.5\build\bin\Release\libcurl.dll">
      <Filter>dll</Filter>
    </CopyFileToFolders>
    <CopyFileToFolders Include="libraries\cpr-1.10.5\build\bin\Release\zlib.dll">
      <Filter>dll</Filter>
    </CopyFileToFolders>
  </ItemGroup>
  <ItemGroup>
    <None Include="README.md" />
    <None Include=".github\workflows\msbuild.yml" />
  </ItemGroup>
</Project>